
Microsoft Visual Studio Solution File, Format Version 12.00
# Visual Studio 14
VisualStudioVersion = 14.0.23107.0
MinimumVisualStudioVersion = 10.0.40219.1
Project("{FAE04EC0-301F-11D3-BF4B-00C04F79EFBC}") = "AcuCafe", "AcuCafe\AcuCafe.csproj", "{7BAB550C-1BDB-4E54-9BB1-5CC1FA75C5AE}"
EndProject
Project("{FAE04EC0-301F-11D3-BF4B-00C04F79EFBC}") = "ConsoleUI", "ConsoleUI\ConsoleUI.csproj", "{35F6E370-143A-4B78-8A2F-F605FA05915F}"
EndProject
Project("{FAE04EC0-301F-11D3-BF4B-00C04F79EFBC}") = "AcuCafe.Tests", "AcuCafe.Tests\AcuCafe.Tests.csproj", "{9578E748-5DDC-49B5-81A4-A071E95E07A2}"
EndProject
Global
	GlobalSection(SolutionConfigurationPlatforms) = preSolution
		Debug|Any CPU = Debug|Any CPU
		Release|Any CPU = Release|Any CPU
	EndGlobalSection
	GlobalSection(ProjectConfigurationPlatforms) = postSolution
		{7BAB550C-1BDB-4E54-9BB1-5CC1FA75C5AE}.Debug|Any CPU.ActiveCfg = Debug|Any CPU
		{7BAB550C-1BDB-4E54-9BB1-5CC1FA75C5AE}.Debug|Any CPU.Build.0 = Debug|Any CPU
		{7BAB550C-1BDB-4E54-9BB1-5CC1FA75C5AE}.Release|Any CPU.ActiveCfg = Release|Any CPU
		{7BAB550C-1BDB-4E54-9BB1-5CC1FA75C5AE}.Release|Any CPU.Build.0 = Release|Any CPU
		{35F6E370-143A-4B78-8A2F-F605FA05915F}.Debug|Any CPU.ActiveCfg = Debug|Any CPU
		{35F6E370-143A-4B78-8A2F-F605FA05915F}.Debug|Any CPU.Build.0 = Debug|Any CPU
		{35F6E370-143A-4B78-8A2F-F605FA05915F}.Release|Any CPU.ActiveCfg = Release|Any CPU
		{35F6E370-143A-4B78-8A2F-F605FA05915F}.Release|Any CPU.Build.0 = Release|Any CPU
		{9578E748-5DDC-49B5-81A4-A071E95E07A2}.Debug|Any CPU.ActiveCfg = Debug|Any CPU
		{9578E748-5DDC-49B5-81A4-A071E95E07A2}.Debug|Any CPU.Build.0 = Debug|Any CPU
		{9578E748-5DDC-49B5-81A4-A071E95E07A2}.Release|Any CPU.ActiveCfg = Release|Any CPU
		{9578E748-5DDC-49B5-81A4-A071E95E07A2}.Release|Any CPU.Build.0 = Release|Any CPU
	EndGlobalSection
	GlobalSection(SolutionProperties) = preSolution
		HideSolutionNode = FALSE
	EndGlobalSection
EndGlobal
